{
    "_readme": [
        "This file locks the dependencies of your project to a known state",
        "Read more about it at https://getcomposer.org/doc/01-basic-usage.md#installing-dependencies",
        "This file is @generated automatically"
    ],
    "content-hash": "54a0cbb88e490fa7daafeaf1181db1c7",
    "packages": [
        {
            "name": "pushinbr/pam-mobile-ui",
            "version": "0.6.x-dev",
            "dist": {
                "type": "path",
                "url": "../..",
                "reference": "d1baacf4c5a032a44dbf16e3a4f5b1c44b299b6b"
            },
            "require": {
                "php": "^8.4",
                "pushinbr/pam-native": "^0.6.1"
            },
            "require-dev": {
                "phpstan/phpstan": "^2.1"
            },
            "type": "pam-native-plugin",
            "extra": {
                "pam-native": {
                    "plugin": "pam-native.plugin.json"
                }
            },
            "autoload": {
                "psr-4": {
                    "Pam\\MobileUi\\": "src/"
                },
                "classmap": [
                    "src/Generated/MaterialComponentFacades.php"
                ],
                "exclude-from-classmap": [
                    "tests/fixtures/InternalComponentFacades.php"
                ]
            },
            "autoload-dev": {
                "psr-4": {
                    "Pam\\MobileUi\\Tests\\": "tests/"
                }
            },
            "scripts": {
                "generate:legacy": [
                    "php tools/generate.php"
                ],
                "generate:material": [
                    "php tools/generate-material.php"
                ],
                "generate": [
                    "@generate:legacy",
                    "@generate:material"
                ],
                "audit:styles": [
                    "php tools/audit-styles.php --strict"
                ],
                "analyse": [
                    "tools/phpstan/vendor/bin/phpstan analyse --level=9 --no-progress --debug"
                ],
                "benchmark": [
                    "php benchmarks/php.php"
                ],
                "benchmark:material": [
                    "php benchmarks/material.php"
                ],
                "release:check": [
                    "php tools/release-check.php"
                ],
                "test:recipes": [
                    "php tests/recipe-matrix.php"
                ],
                "test:material": [
                    "php tests/material-matrix.php"
                ],
                "test:native-gates": [
                    "php tests/native-gate-matrix.php"
                ],
                "test:showcase": [
                    "php tools/validate-showcase.php"
                ],
                "test:public-surface": [
                    "php tests/public-surface.php"
                ],
                "test": [
                    "php tests/theme-runtime.php"
                ],
                "verify": [
                    "@generate",
                    "@audit:styles",
                    "@analyse",
                    "@test:recipes",
                    "@test:material",
                    "@test:public-surface",
                    "@test:native-gates",
                    "@benchmark:material",
                    "@test",
                    "@test:showcase",
                    "@release:check"
                ]
            },
            "license": [
                "Apache-2.0"
            ],
            "description": "Official accessible native UI component library for PAM Native.",
            "homepage": "https://github.com/push-in/pam-mobile-ui-php",
            "keywords": [
                "android",
                "components",
                "mobile",
                "native",
                "pam",
                "php",
                "ui"
            ],
            "support": {
                "issues": "https://github.com/push-in/pam-mobile-ui-php/issues",
                "source": "https://github.com/push-in/pam-mobile-ui-php"
            },
            "transport-options": {
                "symlink": false,
                "relative": true
            }
        },
        {
            "name": "pushinbr/pam-native",
            "version": "0.6.x-dev",
            "dist": {
                "type": "path",
                "url": "../../../pam-native/packages/native",
                "reference": "54e5b6ff23becd98f51f025ddd6d706d3f32b64b"
            },
            "require": {
                "php": "^8.4"
            },
            "bin": [
                "bin/pam-native-format",
                "bin/pam-native-optimize"
            ],
            "type": "library",
            "extra": {
                "pam-native": {
                    "manifest-schema": "resources/pam-native.schema.json",
                    "plugin-schema": "resources/pam-native.plugin.schema.json",
                    "template-custom-data": "resources/pam-native.custom-data.json",
                    "protocol": 1
                }
            },
            "autoload": {
                "psr-4": {
                    "Pam\\Native\\": "src/"
                }
            },
            "license": [
                "Apache-2.0"
            ],
            "description": "Build fast native Android and iOS applications with PHP and PAM.",
            "homepage": "https://github.com/push-in/pam-native",
            "keywords": [
                "android",
                "mobile",
                "native",
                "pam",
                "php"
            ],
            "support": {
                "issues": "https://github.com/push-in/pam-native/issues",
                "source": "https://github.com/push-in/pam-native"
            },
            "transport-options": {
                "symlink": false,
                "relative": true
            }
        }
    ],
    "packages-dev": [],
    "aliases": [],
    "minimum-stability": "stable",
    "stability-flags": {
        "pushinbr/pam-mobile-ui": 20,
        "pushinbr/pam-native": 20
    },
    "prefer-stable": false,
    "prefer-lowest": false,
    "platform": {
        "php": "^8.4"
    },
    "platform-dev": {},
    "plugin-api-version": "2.6.0"
}
