{
    "_readme": [
        "This file locks the dependencies of your project to a known state",
        "Read more about it at https://getcomposer.org/doc/01-basic-usage.md#installing-dependencies",
        "This file is @generated automatically"
    ],
    "content-hash": "45119503aedd7d11510b4ff50ba9566b",
    "packages": [
        {
            "name": "pushinbr/pam-native",
            "version": "v0.8.0",
            "source": {
                "type": "git",
                "url": "https://github.com/push-in/pam-native-php.git",
                "reference": "19c8bd57064c62d776dd6e3a672b56c36405ce66"
            },
            "dist": {
                "type": "zip",
                "url": "https://api.github.com/repos/push-in/pam-native-php/zipball/19c8bd57064c62d776dd6e3a672b56c36405ce66",
                "reference": "19c8bd57064c62d776dd6e3a672b56c36405ce66",
                "shasum": ""
            },
            "require": {
                "php": "^8.5"
            },
            "bin": [
                "bin/pam-native",
                "bin/pam-native-contracts",
                "bin/pam-native-format",
                "bin/pam-native-language-server",
                "bin/pam-native-optimize",
                "bin/pam-native-routes"
            ],
            "type": "library",
            "extra": {
                "pam": {
                    "commands": {
                        "dev": {
                            "bin": "bin/pam-native",
                            "arguments": [
                                "dev"
                            ],
                            "description": "Start PAM Native development"
                        },
                        "run": {
                            "bin": "bin/pam-native",
                            "arguments": [
                                "run"
                            ],
                            "description": "Run the PAM Native application"
                        },
                        "logs": {
                            "bin": "bin/pam-native",
                            "arguments": [
                                "logs"
                            ],
                            "description": "Inspect PAM Native application logs"
                        },
                        "sign": {
                            "bin": "bin/pam-native",
                            "arguments": [
                                "sign"
                            ],
                            "description": "Validate PAM Native release signing"
                        },
                        "audit": {
                            "bin": "bin/pam-native",
                            "arguments": [
                                "audit"
                            ],
                            "description": "Audit native capabilities and platform authority"
                        },
                        "build": {
                            "bin": "bin/pam-native",
                            "arguments": [
                                "build"
                            ],
                            "description": "Build the PAM Native application"
                        },
                        "doctor": {
                            "bin": "bin/pam-native",
                            "arguments": [
                                "doctor"
                            ],
                            "description": "Diagnose the PAM Native project"
                        },
                        "format": {
                            "script": "bin/pam-native-format",
                            "description": "Format PAM Native components"
                        },
                        "mobile": {
                            "bin": "bin/pam-native",
                            "description": "Legacy alias for PAM Native tooling"
                        },
                        "native": {
                            "bin": "bin/pam-native",
                            "description": "Build, run and diagnose PAM Native applications"
                        },
                        "codegen": {
                            "bin": "bin/pam-native",
                            "arguments": [
                                "codegen"
                            ],
                            "description": "Generate native bindings"
                        },
                        "devices": {
                            "bin": "bin/pam-native",
                            "arguments": [
                                "devices"
                            ],
                            "description": "List native development targets"
                        },
                        "ios:dev": {
                            "bin": "bin/pam-native",
                            "arguments": [
                                "ios:dev"
                            ],
                            "description": "Start PAM Native iOS development"
                        },
                        "ios:run": {
                            "bin": "bin/pam-native",
                            "arguments": [
                                "ios:run"
                            ],
                            "description": "Run the PAM Native iOS application"
                        },
                        "package": {
                            "bin": "bin/pam-native",
                            "arguments": [
                                "package"
                            ],
                            "description": "Package the PAM Native application"
                        },
                        "prepare": {
                            "bin": "bin/pam-native",
                            "arguments": [
                                "prepare"
                            ],
                            "description": "Prepare the PAM Native Android host"
                        },
                        "profile": {
                            "bin": "bin/pam-native",
                            "arguments": [
                                "profile"
                            ],
                            "description": "Profile the PAM Native application"
                        },
                        "release": {
                            "bin": "bin/pam-native",
                            "arguments": [
                                "release"
                            ],
                            "description": "Certify, sign and package a PAM Native release"
                        },
                        "devtools": {
                            "bin": "bin/pam-native",
                            "arguments": [
                                "devtools"
                            ],
                            "description": "Open PAM Native development tools"
                        },
                        "ios:logs": {
                            "bin": "bin/pam-native",
                            "arguments": [
                                "ios:logs"
                            ],
                            "description": "Stream PAM Native iOS logs"
                        },
                        "ios:sign": {
                            "bin": "bin/pam-native",
                            "arguments": [
                                "ios:sign"
                            ],
                            "description": "Inspect PAM Native iOS signing"
                        },
                        "benchmark": {
                            "bin": "bin/pam-native",
                            "arguments": [
                                "benchmark"
                            ],
                            "description": "Benchmark the PAM Native application"
                        },
                        "contracts": {
                            "script": "bin/pam-native-contracts",
                            "description": "Generate typed PHP, Kotlin and Swift contracts"
                        },
                        "ios:build": {
                            "bin": "bin/pam-native",
                            "arguments": [
                                "ios:build"
                            ],
                            "description": "Build the PAM Native iOS application"
                        },
                        "ios:doctor": {
                            "bin": "bin/pam-native",
                            "arguments": [
                                "ios:doctor"
                            ],
                            "description": "Diagnose the PAM Native iOS host"
                        },
                        "screenshot": {
                            "bin": "bin/pam-native",
                            "arguments": [
                                "screenshot"
                            ],
                            "description": "Capture a native device screenshot"
                        },
                        "diagnostics": {
                            "bin": "bin/pam-native",
                            "arguments": [
                                "diagnostics"
                            ],
                            "description": "Capture PAM Native diagnostics"
                        },
                        "ios:devices": {
                            "bin": "bin/pam-native",
                            "arguments": [
                                "ios:devices"
                            ],
                            "description": "List iOS development targets"
                        },
                        "ios:package": {
                            "bin": "bin/pam-native",
                            "arguments": [
                                "ios:package"
                            ],
                            "description": "Package the PAM Native iOS application"
                        },
                        "ios:prepare": {
                            "bin": "bin/pam-native",
                            "arguments": [
                                "ios:prepare"
                            ],
                            "description": "Prepare the PAM Native iOS host"
                        },
                        "make:screen": {
                            "bin": "bin/pam-native",
                            "arguments": [
                                "make:screen"
                            ],
                            "description": "Generate a PAM Native screen"
                        },
                        "plugin:list": {
                            "bin": "bin/pam-native",
                            "arguments": [
                                "plugin:list"
                            ],
                            "description": "List installed PAM Native plugins"
                        },
                        "runtime:use": {
                            "bin": "bin/pam-native",
                            "arguments": [
                                "runtime:use"
                            ],
                            "description": "Select a native runtime"
                        },
                        "ios:devtools": {
                            "bin": "bin/pam-native",
                            "arguments": [
                                "ios:devtools"
                            ],
                            "description": "Open PAM Native iOS development tools"
                        },
                        "runtime:info": {
                            "bin": "bin/pam-native",
                            "arguments": [
                                "runtime:info"
                            ],
                            "description": "Inspect the selected native runtime"
                        },
                        "runtime:list": {
                            "bin": "bin/pam-native",
                            "arguments": [
                                "runtime:list"
                            ],
                            "description": "List installed native runtimes"
                        },
                        "native:format": {
                            "script": "bin/pam-native-format",
                            "description": "Format PAM Native components"
                        },
                        "native:routes": {
                            "script": "bin/pam-native-routes",
                            "description": "Inspect PAM Native routes"
                        },
                        "plugin:doctor": {
                            "bin": "bin/pam-native",
                            "arguments": [
                                "plugin:doctor"
                            ],
                            "description": "Diagnose installed PAM Native plugins"
                        },
                        "ios:screenshot": {
                            "bin": "bin/pam-native",
                            "arguments": [
                                "ios:screenshot"
                            ],
                            "description": "Capture an iOS screenshot"
                        },
                        "make:component": {
                            "bin": "bin/pam-native",
                            "arguments": [
                                "make:component"
                            ],
                            "description": "Generate a PAM Native component"
                        },
                        "runtime:update": {
                            "bin": "bin/pam-native",
                            "arguments": [
                                "runtime:update"
                            ],
                            "description": "Update the selected native runtime"
                        },
                        "ios:diagnostics": {
                            "bin": "bin/pam-native",
                            "arguments": [
                                "ios:diagnostics"
                            ],
                            "description": "Capture PAM Native iOS diagnostics"
                        },
                        "native:optimize": {
                            "script": "bin/pam-native-optimize",
                            "description": "Optimize a PAM Native application"
                        },
                        "runtime:install": {
                            "bin": "bin/pam-native",
                            "arguments": [
                                "runtime:install"
                            ],
                            "description": "Install the selected native runtime"
                        },
                        "make:native-view": {
                            "bin": "bin/pam-native",
                            "arguments": [
                                "make:native-view"
                            ],
                            "description": "Generate a PAM Native platform view"
                        },
                        "android:diagnostics": {
                            "bin": "bin/pam-native",
                            "arguments": [
                                "android:diagnostics"
                            ],
                            "description": "Capture Android diagnostics"
                        },
                        "native:language-server": {
                            "script": "bin/pam-native-language-server",
                            "description": "Start the PAM Native language server"
                        }
                    }
                },
                "pam-native": {
                    "protocol": 1,
                    "plugin-schema": "resources/pam-native.plugin.schema.json",
                    "manifest-schema": "resources/pam-native.schema.json",
                    "template-custom-data": "resources/pam-native.custom-data.json"
                }
            },
            "autoload": {
                "psr-4": {
                    "Pam\\Native\\": "src/"
                }
            },
            "notification-url": "https://packagist.org/downloads/",
            "license": [
                "Apache-2.0"
            ],
            "description": "Build fast native Android and iOS applications with PHP and PAM.",
            "homepage": "https://github.com/push-in/pam-native",
            "keywords": [
                "android",
                "mobile",
                "native",
                "pam",
                "php"
            ],
            "support": {
                "issues": "https://github.com/push-in/pam-native/issues",
                "source": "https://github.com/push-in/pam-native"
            },
            "time": "2026-08-23T16:32:04+00:00"
        },
        {
            "name": "pushinbr/pam-native-ui",
            "version": "0.6.x-dev",
            "dist": {
                "type": "path",
                "url": "../..",
                "reference": "8c51dd938bcdede6bfcc170b1d40e16b7877c37e"
            },
            "require": {
                "php": "^8.5",
                "pushinbr/pam-native": "^0.8.0"
            },
            "require-dev": {
                "phpstan/phpstan": "^2.1"
            },
            "type": "pam-native-plugin",
            "extra": {
                "pam-native": {
                    "plugin": "pam-native.plugin.json"
                }
            },
            "autoload": {
                "psr-4": {
                    "Pam\\MobileUi\\": "src/"
                },
                "classmap": [
                    "src/Generated/MaterialComponentFacades.php"
                ],
                "exclude-from-classmap": [
                    "tests/fixtures/InternalComponentFacades.php"
                ]
            },
            "autoload-dev": {
                "psr-4": {
                    "Pam\\MobileUi\\Tests\\": "tests/"
                }
            },
            "scripts": {
                "generate:legacy": [
                    "php tools/generate.php"
                ],
                "generate:material": [
                    "php tools/generate-material.php"
                ],
                "generate": [
                    "@generate:legacy",
                    "@generate:material"
                ],
                "audit:styles": [
                    "php tools/audit-styles.php --strict"
                ],
                "analyse": [
                    "tools/phpstan/vendor/bin/phpstan analyse --level=9 --no-progress --debug"
                ],
                "benchmark": [
                    "php benchmarks/php.php"
                ],
                "benchmark:material": [
                    "php benchmarks/material.php"
                ],
                "release:check": [
                    "php tools/release-check.php"
                ],
                "test:recipes": [
                    "php tests/recipe-matrix.php"
                ],
                "test:material": [
                    "php tests/material-matrix.php"
                ],
                "test:native-gates": [
                    "php tests/native-gate-matrix.php"
                ],
                "test:showcase": [
                    "php tools/validate-showcase.php"
                ],
                "test:public-surface": [
                    "php tests/public-surface.php"
                ],
                "test": [
                    "php tests/theme-runtime.php"
                ],
                "verify": [
                    "@generate",
                    "@audit:styles",
                    "@analyse",
                    "@test:recipes",
                    "@test:material",
                    "@test:public-surface",
                    "@test:native-gates",
                    "@benchmark:material",
                    "@test",
                    "@test:showcase",
                    "@release:check"
                ]
            },
            "license": [
                "Apache-2.0"
            ],
            "description": "Official accessible native UI component library for PAM Native.",
            "homepage": "https://github.com/push-in/pam-native-ui-php",
            "keywords": [
                "android",
                "components",
                "mobile",
                "native",
                "pam",
                "php",
                "ui"
            ],
            "support": {
                "issues": "https://github.com/push-in/pam-native-ui-php/issues",
                "source": "https://github.com/push-in/pam-native-ui-php"
            },
            "transport-options": {
                "symlink": false,
                "relative": true
            }
        }
    ],
    "packages-dev": [],
    "aliases": [],
    "minimum-stability": "stable",
    "stability-flags": {
        "pushinbr/pam-native-ui": 20
    },
    "prefer-stable": false,
    "prefer-lowest": false,
    "platform": {
        "php": "^8.5"
    },
    "platform-dev": {},
    "plugin-api-version": "2.6.0"
}
